
Microsoft Visual Studio Solution File, Format Version 12.00
# Visual Studio Version 17
VisualStudioVersion = 17.14.36511.14 d17.14
MinimumVisualStudioVersion = 10.0.40219.1
Project("{FAE04EC0-301F-11D3-BF4B-00C04F79EFBC}") = "mvc-ejemplo", "mvc-ejemplo\mvc-ejemplo.csproj", "{D85FD7E7-CE1A-48BC-9362-7A74489B5E66}"
EndProject
Global
	GlobalSection(SolutionConfigurationPlatforms) = preSolution
		Debug|Any CPU = Debug|Any CPU
		Release|Any CPU = Release|Any CPU
	EndGlobalSection
	GlobalSection(ProjectConfigurationPlatforms) = postSolution
		{D85FD7E7-CE1A-48BC-9362-7A74489B5E66}.Debug|Any CPU.ActiveCfg = Debug|Any CPU
		{D85FD7E7-CE1A-48BC-9362-7A74489B5E66}.Debug|Any CPU.Build.0 = Debug|Any CPU
		{D85FD7E7-CE1A-48BC-9362-7A74489B5E66}.Release|Any CPU.ActiveCfg = Release|Any CPU
		{D85FD7E7-CE1A-48BC-9362-7A74489B5E66}.Release|Any CPU.Build.0 = Release|Any CPU
	EndGlobalSection
	GlobalSection(SolutionProperties) = preSolution
		HideSolutionNode = FALSE
	EndGlobalSection
	GlobalSection(ExtensibilityGlobals) = postSolution
		SolutionGuid = {5C59E70B-599C-47AD-BE40-DED5302CD112}
	EndGlobalSection
EndGlobal
